
Microsoft Visual Studio Solution File, Format Version 12.00
# Visual Studio 15
Project("{FAE04EC0-301F-11D3-BF4B-00C04F79EFBC}") = "EDBREOS", "EDBREOS\EDBREOS.csproj", "{645F4E59-C5DD-44A5-B418-5F1E399A8379}"
EndProject
Global
	GlobalSection(SolutionConfigurationPlatforms) = preSolution
		Debug|Any CPU = Debug|Any CPU
		Release|Any CPU = Release|Any CPU
	EndGlobalSection
	GlobalSection(ProjectConfigurationPlatforms) = postSolution
		{645F4E59-C5DD-44A5-B418-5F1E399A8379}.Debug|Any CPU.ActiveCfg = Debug|Any CPU
		{645F4E59-C5DD-44A5-B418-5F1E399A8379}.Debug|Any CPU.Build.0 = Debug|Any CPU
		{645F4E59-C5DD-44A5-B418-5F1E399A8379}.Release|Any CPU.ActiveCfg = Release|Any CPU
		{645F4E59-C5DD-44A5-B418-5F1E399A8379}.Release|Any CPU.Build.0 = Release|Any CPU
	EndGlobalSection
EndGlobal
